
Microsoft Visual Studio Solution File, Format Version 12.00
# Visual Studio Version 17
VisualStudioVersion = 17.7.33808.371
MinimumVisualStudioVersion = 10.0.40219.1
Project("{9A19103F-16F7-4668-BE54-9A1E7A4F7556}") = "Webrox.EntityFrameworkCore.Core", "Webrox.EntityFrameworkCore.Core\Webrox.EntityFrameworkCore.Core.csproj", "{7E1FE0C0-AE1A-4F8F-8F1D-EF7580DD255C}"
EndProject
Project("{9A19103F-16F7-4668-BE54-9A1E7A4F7556}") = "Webrox.EntityFrameworkCore.SqlServer", "Webrox.EntityFrameworkCore.SqlServer\Webrox.EntityFrameworkCore.SqlServer.csproj", "{1FED2710-D108-43B8-A3C2-1A2A1ABC0C69}"
EndProject
Project("{9A19103F-16F7-4668-BE54-9A1E7A4F7556}") = "Webrox.EntityFrameworkCore.MySql", "Webrox.EntityFrameworkCore.MySql\Webrox.EntityFrameworkCore.MySql.csproj", "{75E37B77-CE41-4590-8D8A-C869864E277D}"
EndProject
Project("{9A19103F-16F7-4668-BE54-9A1E7A4F7556}") = "Webrox.EntityFrameworkCore.Postgres", "Webrox.EntityFrameworkCore.Postgres\Webrox.EntityFrameworkCore.Postgres.csproj", "{FE1C31C3-4061-4ADA-8732-390EF7C0D4D4}"
EndProject
Project("{9A19103F-16F7-4668-BE54-9A1E7A4F7556}") = "Webrox.EntityFrameworkCore.Sqlite", "Webrox.EntityFrameworkCore.Sqlite\Webrox.EntityFrameworkCore.Sqlite.csproj", "{96305F51-2290-4EB1-A625-F640B7FBC1EF}"
EndProject
Project("{2150E333-8FDC-42A3-9474-1A3956D46DE8}") = "Solution Items", "Solution Items", "{3D829650-A75C-4730-B313-5679950F1978}"
	ProjectSection(SolutionItems) = preProject
		..\Directory.Build.props = ..\Directory.Build.props
		..\icon.png = ..\icon.png
		..\LICENSE.md = ..\LICENSE.md
		..\Readme.md = ..\Readme.md
	EndProjectSection
EndProject
Project("{2150E333-8FDC-42A3-9474-1A3956D46DE8}") = "Tests", "Tests", "{812F1A1F-5BB2-491A-AC6A-E61A19C009AF}"
EndProject
Project("{2150E333-8FDC-42A3-9474-1A3956D46DE8}") = "MySQL", "MySQL", "{E63EC087-6584-45B3-82E6-4740957F9C92}"
EndProject
Project("{9A19103F-16F7-4668-BE54-9A1E7A4F7556}") = "MySql.EntityFrameworkCore.Design.Tests", "MySql.EntityFrameworkCore.Design.Tests\MySql.EntityFrameworkCore.Design.Tests.csproj", "{63669828-A1E4-4AE5-9FEE-43887A5B75BB}"
EndProject
Project("{9A19103F-16F7-4668-BE54-9A1E7A4F7556}") = "Webrox.EntityFrameworkCore.Sqlite.Tests", "Webrox.EntityFrameworkCore.Sqlite.Tests\Webrox.EntityFrameworkCore.Sqlite.Tests.csproj", "{260F7C3E-DFA0-41F1-91BB-AF0477704E3D}"
EndProject
Project("{9A19103F-16F7-4668-BE54-9A1E7A4F7556}") = "Webrox.EntityFrameworkCore.MySql.Tests", "Webrox.EntityFrameworkCore.MySql.Tests\Webrox.EntityFrameworkCore.MySql.Tests.csproj", "{24DEEBBF-8126-44DA-9496-B53A96A99A0A}"
EndProject
Project("{9A19103F-16F7-4668-BE54-9A1E7A4F7556}") = "Webrox.EntityFrameworkCore.Postgres.Tests", "Webrox.EntityFrameworkCore.Postgres.Tests\Webrox.EntityFrameworkCore.Postgres.Tests.csproj", "{234F91F9-23AA-4046-B378-E8FFE0734282}"
EndProject
Project("{9A19103F-16F7-4668-BE54-9A1E7A4F7556}") = "Webrox.EntityFrameworkCore.SqlServer.Tests", "Webrox.EntityFrameworkCore.SqlServer.Tests\Webrox.EntityFrameworkCore.SqlServer.Tests.csproj", "{AA6EC1D1-655A-4FAD-A2B2-A21E24B420F5}"
EndProject
Project("{D954291E-2A0B-460D-934E-DC6B0785DB48}") = "Webrox.EntityFrameworkCore.Tests.Shared", "Webrox.EntityFrameworkCore.Tests.Shared\Webrox.EntityFrameworkCore.Tests.Shared.shproj", "{4192CFCB-D1F6-4E1A-A29C-DA15D944C0BD}"
EndProject
Global
	GlobalSection(SolutionConfigurationPlatforms) = preSolution
		Debug|Any CPU = Debug|Any CPU
		Release|Any CPU = Release|Any CPU
	EndGlobalSection
	GlobalSection(ProjectConfigurationPlatforms) = postSolution
		{7E1FE0C0-AE1A-4F8F-8F1D-EF7580DD255C}.Debug|Any CPU.ActiveCfg = Debug|Any CPU
		{7E1FE0C0-AE1A-4F8F-8F1D-EF7580DD255C}.Debug|Any CPU.Build.0 = Debug|Any CPU
		{7E1FE0C0-AE1A-4F8F-8F1D-EF7580DD255C}.Release|Any CPU.ActiveCfg = Release|Any CPU
		{7E1FE0C0-AE1A-4F8F-8F1D-EF7580DD255C}.Release|Any CPU.Build.0 = Release|Any CPU
		{1FED2710-D108-43B8-A3C2-1A2A1ABC0C69}.Debug|Any CPU.ActiveCfg = Debug|Any CPU
		{1FED2710-D108-43B8-A3C2-1A2A1ABC0C69}.Debug|Any CPU.Build.0 = Debug|Any CPU
		{1FED2710-D108-43B8-A3C2-1A2A1ABC0C69}.Release|Any CPU.ActiveCfg = Release|Any CPU
		{1FED2710-D108-43B8-A3C2-1A2A1ABC0C69}.Release|Any CPU.Build.0 = Release|Any CPU
		{75E37B77-CE41-4590-8D8A-C869864E277D}.Debug|Any CPU.ActiveCfg = Debug|Any CPU
		{75E37B77-CE41-4590-8D8A-C869864E277D}.Debug|Any CPU.Build.0 = Debug|Any CPU
		{75E37B77-CE41-4590-8D8A-C869864E277D}.Release|Any CPU.ActiveCfg = Release|Any CPU
		{75E37B77-CE41-4590-8D8A-C869864E277D}.Release|Any CPU.Build.0 = Release|Any CPU
		{FE1C31C3-4061-4ADA-8732-390EF7C0D4D4}.Debug|Any CPU.ActiveCfg = Debug|Any CPU
		{FE1C31C3-4061-4ADA-8732-390EF7C0D4D4}.Debug|Any CPU.Build.0 = Debug|Any CPU
		{FE1C31C3-4061-4ADA-8732-390EF7C0D4D4}.Release|Any CPU.ActiveCfg = Release|Any CPU
		{FE1C31C3-4061-4ADA-8732-390EF7C0D4D4}.Release|Any CPU.Build.0 = Release|Any CPU
		{96305F51-2290-4EB1-A625-F640B7FBC1EF}.Debug|Any CPU.ActiveCfg = Debug|Any CPU
		{96305F51-2290-4EB1-A625-F640B7FBC1EF}.Debug|Any CPU.Build.0 = Debug|Any CPU
		{96305F51-2290-4EB1-A625-F640B7FBC1EF}.Release|Any CPU.ActiveCfg = Release|Any CPU
		{96305F51-2290-4EB1-A625-F640B7FBC1EF}.Release|Any CPU.Build.0 = Release|Any CPU
		{63669828-A1E4-4AE5-9FEE-43887A5B75BB}.Debug|Any CPU.ActiveCfg = Debug|Any CPU
		{63669828-A1E4-4AE5-9FEE-43887A5B75BB}.Debug|Any CPU.Build.0 = Debug|Any CPU
		{63669828-A1E4-4AE5-9FEE-43887A5B75BB}.Release|Any CPU.ActiveCfg = Release|Any CPU
		{63669828-A1E4-4AE5-9FEE-43887A5B75BB}.Release|Any CPU.Build.0 = Release|Any CPU
		{260F7C3E-DFA0-41F1-91BB-AF0477704E3D}.Debug|Any CPU.ActiveCfg = Debug|Any CPU
		{260F7C3E-DFA0-41F1-91BB-AF0477704E3D}.Debug|Any CPU.Build.0 = Debug|Any CPU
		{260F7C3E-DFA0-41F1-91BB-AF0477704E3D}.Release|Any CPU.ActiveCfg = Release|Any CPU
		{260F7C3E-DFA0-41F1-91BB-AF0477704E3D}.Release|Any CPU.Build.0 = Release|Any CPU
		{24DEEBBF-8126-44DA-9496-B53A96A99A0A}.Debug|Any CPU.ActiveCfg = Debug|Any CPU
		{24DEEBBF-8126-44DA-9496-B53A96A99A0A}.Debug|Any CPU.Build.0 = Debug|Any CPU
		{24DEEBBF-8126-44DA-9496-B53A96A99A0A}.Release|Any CPU.ActiveCfg = Release|Any CPU
		{24DEEBBF-8126-44DA-9496-B53A96A99A0A}.Release|Any CPU.Build.0 = Release|Any CPU
		{234F91F9-23AA-4046-B378-E8FFE0734282}.Debug|Any CPU.ActiveCfg = Debug|Any CPU
		{234F91F9-23AA-4046-B378-E8FFE0734282}.Debug|Any CPU.Build.0 = Debug|Any CPU
		{234F91F9-23AA-4046-B378-E8FFE0734282}.Release|Any CPU.ActiveCfg = Release|Any CPU
		{234F91F9-23AA-4046-B378-E8FFE0734282}.Release|Any CPU.Build.0 = Release|Any CPU
		{AA6EC1D1-655A-4FAD-A2B2-A21E24B420F5}.Debug|Any CPU.ActiveCfg = Debug|Any CPU
		{AA6EC1D1-655A-4FAD-A2B2-A21E24B420F5}.Debug|Any CPU.Build.0 = Debug|Any CPU
		{AA6EC1D1-655A-4FAD-A2B2-A21E24B420F5}.Release|Any CPU.ActiveCfg = Release|Any CPU
		{AA6EC1D1-655A-4FAD-A2B2-A21E24B420F5}.Release|Any CPU.Build.0 = Release|Any CPU
	EndGlobalSection
	GlobalSection(SolutionProperties) = preSolution
		HideSolutionNode = FALSE
	EndGlobalSection
	GlobalSection(NestedProjects) = preSolution
		{63669828-A1E4-4AE5-9FEE-43887A5B75BB} = {E63EC087-6584-45B3-82E6-4740957F9C92}
		{260F7C3E-DFA0-41F1-91BB-AF0477704E3D} = {812F1A1F-5BB2-491A-AC6A-E61A19C009AF}
		{24DEEBBF-8126-44DA-9496-B53A96A99A0A} = {812F1A1F-5BB2-491A-AC6A-E61A19C009AF}
		{234F91F9-23AA-4046-B378-E8FFE0734282} = {812F1A1F-5BB2-491A-AC6A-E61A19C009AF}
		{AA6EC1D1-655A-4FAD-A2B2-A21E24B420F5} = {812F1A1F-5BB2-491A-AC6A-E61A19C009AF}
		{4192CFCB-D1F6-4E1A-A29C-DA15D944C0BD} = {812F1A1F-5BB2-491A-AC6A-E61A19C009AF}
	EndGlobalSection
	GlobalSection(ExtensibilityGlobals) = postSolution
		SolutionGuid = {5D55A635-96F9-432B-B78E-7D853B2BB3DC}
	EndGlobalSection
	GlobalSection(SharedMSBuildProjectFiles) = preSolution
		Webrox.EntityFrameworkCore.Tests.Shared\Webrox.EntityFrameworkCore.Tests.Shared.projitems*{234f91f9-23aa-4046-b378-e8ffe0734282}*SharedItemsImports = 5
		Webrox.EntityFrameworkCore.Tests.Shared\Webrox.EntityFrameworkCore.Tests.Shared.projitems*{24deebbf-8126-44da-9496-b53a96a99a0a}*SharedItemsImports = 5
		Webrox.EntityFrameworkCore.Tests.Shared\Webrox.EntityFrameworkCore.Tests.Shared.projitems*{260f7c3e-dfa0-41f1-91bb-af0477704e3d}*SharedItemsImports = 5
		Webrox.EntityFrameworkCore.Tests.Shared\Webrox.EntityFrameworkCore.Tests.Shared.projitems*{4192cfcb-d1f6-4e1a-a29c-da15d944c0bd}*SharedItemsImports = 13
		Webrox.EntityFrameworkCore.Tests.Shared\Webrox.EntityFrameworkCore.Tests.Shared.projitems*{aa6ec1d1-655a-4fad-a2b2-a21e24b420f5}*SharedItemsImports = 5
	EndGlobalSection
EndGlobal
